
Microsoft Visual Studio Solution File, Format Version 12.00
# Visual Studio Version 16
VisualStudioVersion = 16.0.28803.916
MinimumVisualStudioVersion = 10.0.40219.1
Project("{FAE04EC0-301F-11D3-BF4B-00C04F79EFBC}") = "Curriculum 10-11-22", "Curriculum 10-11-22\Curriculum 10-11-22.csproj", "{BBEBFC2B-07AD-4E44-BB72-D9C4E7E30631}"
EndProject
Global
	GlobalSection(SolutionConfigurationPlatforms) = preSolution
		Debug|Any CPU = Debug|Any CPU
		Release|Any CPU = Release|Any CPU
	EndGlobalSection
	GlobalSection(ProjectConfigurationPlatforms) = postSolution
		{BBEBFC2B-07AD-4E44-BB72-D9C4E7E30631}.Debug|Any CPU.ActiveCfg = Debug|Any CPU
		{BBEBFC2B-07AD-4E44-BB72-D9C4E7E30631}.Debug|Any CPU.Build.0 = Debug|Any CPU
		{BBEBFC2B-07AD-4E44-BB72-D9C4E7E30631}.Release|Any CPU.ActiveCfg = Release|Any CPU
		{BBEBFC2B-07AD-4E44-BB72-D9C4E7E30631}.Release|Any CPU.Build.0 = Release|Any CPU
	EndGlobalSection
	GlobalSection(SolutionProperties) = preSolution
		HideSolutionNode = FALSE
	EndGlobalSection
	GlobalSection(ExtensibilityGlobals) = postSolution
		SolutionGuid = {4564C20C-DAFE-4E72-8A09-33AA615E9D46}
	EndGlobalSection
EndGlobal
